
Microsoft Visual Studio Solution File, Format Version 12.00
# Visual Studio 2012
Project("{FAE04EC0-301F-11D3-BF4B-00C04F79EFBC}") = "Trackifly.Server", "Trackifly.Server\Trackifly.Server.csproj", "{64F7A002-0AE5-4EA1-8D16-54DA1EACFF16}"
EndProject
Project("{2150E333-8FDC-42A3-9474-1A3956D46DE8}") = "Tests", "Tests", "{12CC3A87-4178-4DE2-B83C-37AEEC1DA0ED}"
EndProject
Project("{FAE04EC0-301F-11D3-BF4B-00C04F79EFBC}") = "Trackify.Server.Test.Operations", "Trackify.Server.Test.Operations\Trackify.Server.Test.Operations.csproj", "{B6C717D6-887A-480B-9B81-C872EE00AF12}"
EndProject
Project("{FAE04EC0-301F-11D3-BF4B-00C04F79EFBC}") = "Trackifly.Data", "Trackifly.Data\Trackifly.Data.csproj", "{AE8A5098-31F9-40B5-BB52-270AFEB5EADA}"
EndProject
Project("{FAE04EC0-301F-11D3-BF4B-00C04F79EFBC}") = "Trackifly.Data.Models", "Trackifly.Data.Models\Trackifly.Data.Models.csproj", "{F8B97334-684B-43D2-AF93-E7BB0EF3FC9D}"
EndProject
Project("{2150E333-8FDC-42A3-9474-1A3956D46DE8}") = ".nuget", ".nuget", "{67AFA430-EA8B-42F3-8550-F56A0629582E}"
	ProjectSection(SolutionItems) = preProject
		.nuget\NuGet.Config = .nuget\NuGet.Config
		.nuget\NuGet.exe = .nuget\NuGet.exe
		.nuget\NuGet.targets = .nuget\NuGet.targets
	EndProjectSection
EndProject
Project("{FAE04EC0-301F-11D3-BF4B-00C04F79EFBC}") = "Trackifly.Server.Tests.Unit", "Trackifly.Server.Tests.Unit\Trackifly.Server.Tests.Unit.csproj", "{A2CDEF6C-9C53-4E4C-BC01-CFF3EBB5CC5A}"
EndProject
Project("{FAE04EC0-301F-11D3-BF4B-00C04F79EFBC}") = "Trackifly.Server.Tests.Integration", "Trackifly.Server.Tests.Integration\Trackifly.Server.Tests.Integration.csproj", "{8947BBC2-CE78-442E-A62E-8913CE109B5D}"
EndProject
Global
	GlobalSection(SolutionConfigurationPlatforms) = preSolution
		Debug|Any CPU = Debug|Any CPU
		Release|Any CPU = Release|Any CPU
	EndGlobalSection
	GlobalSection(ProjectConfigurationPlatforms) = postSolution
		{64F7A002-0AE5-4EA1-8D16-54DA1EACFF16}.Debug|Any CPU.ActiveCfg = Debug|Any CPU
		{64F7A002-0AE5-4EA1-8D16-54DA1EACFF16}.Debug|Any CPU.Build.0 = Debug|Any CPU
		{64F7A002-0AE5-4EA1-8D16-54DA1EACFF16}.Release|Any CPU.ActiveCfg = Release|Any CPU
		{64F7A002-0AE5-4EA1-8D16-54DA1EACFF16}.Release|Any CPU.Build.0 = Release|Any CPU
		{B6C717D6-887A-480B-9B81-C872EE00AF12}.Debug|Any CPU.ActiveCfg = Debug|Any CPU
		{B6C717D6-887A-480B-9B81-C872EE00AF12}.Debug|Any CPU.Build.0 = Debug|Any CPU
		{B6C717D6-887A-480B-9B81-C872EE00AF12}.Release|Any CPU.ActiveCfg = Release|Any CPU
		{B6C717D6-887A-480B-9B81-C872EE00AF12}.Release|Any CPU.Build.0 = Release|Any CPU
		{AE8A5098-31F9-40B5-BB52-270AFEB5EADA}.Debug|Any CPU.ActiveCfg = Debug|Any CPU
		{AE8A5098-31F9-40B5-BB52-270AFEB5EADA}.Debug|Any CPU.Build.0 = Debug|Any CPU
		{AE8A5098-31F9-40B5-BB52-270AFEB5EADA}.Release|Any CPU.ActiveCfg = Release|Any CPU
		{AE8A5098-31F9-40B5-BB52-270AFEB5EADA}.Release|Any CPU.Build.0 = Release|Any CPU
		{F8B97334-684B-43D2-AF93-E7BB0EF3FC9D}.Debug|Any CPU.ActiveCfg = Debug|Any CPU
		{F8B97334-684B-43D2-AF93-E7BB0EF3FC9D}.Debug|Any CPU.Build.0 = Debug|Any CPU
		{F8B97334-684B-43D2-AF93-E7BB0EF3FC9D}.Release|Any CPU.ActiveCfg = Release|Any CPU
		{F8B97334-684B-43D2-AF93-E7BB0EF3FC9D}.Release|Any CPU.Build.0 = Release|Any CPU
		{A2CDEF6C-9C53-4E4C-BC01-CFF3EBB5CC5A}.Debug|Any CPU.ActiveCfg = Debug|Any CPU
		{A2CDEF6C-9C53-4E4C-BC01-CFF3EBB5CC5A}.Debug|Any CPU.Build.0 = Debug|Any CPU
		{A2CDEF6C-9C53-4E4C-BC01-CFF3EBB5CC5A}.Release|Any CPU.ActiveCfg = Release|Any CPU
		{A2CDEF6C-9C53-4E4C-BC01-CFF3EBB5CC5A}.Release|Any CPU.Build.0 = Release|Any CPU
		{8947BBC2-CE78-442E-A62E-8913CE109B5D}.Debug|Any CPU.ActiveCfg = Debug|Any CPU
		{8947BBC2-CE78-442E-A62E-8913CE109B5D}.Debug|Any CPU.Build.0 = Debug|Any CPU
		{8947BBC2-CE78-442E-A62E-8913CE109B5D}.Release|Any CPU.ActiveCfg = Release|Any CPU
		{8947BBC2-CE78-442E-A62E-8913CE109B5D}.Release|Any CPU.Build.0 = Release|Any CPU
	EndGlobalSection
	GlobalSection(SolutionProperties) = preSolution
		HideSolutionNode = FALSE
	EndGlobalSection
	GlobalSection(NestedProjects) = preSolution
		{B6C717D6-887A-480B-9B81-C872EE00AF12} = {12CC3A87-4178-4DE2-B83C-37AEEC1DA0ED}
		{A2CDEF6C-9C53-4E4C-BC01-CFF3EBB5CC5A} = {12CC3A87-4178-4DE2-B83C-37AEEC1DA0ED}
		{8947BBC2-CE78-442E-A62E-8913CE109B5D} = {12CC3A87-4178-4DE2-B83C-37AEEC1DA0ED}
	EndGlobalSection
EndGlobal
